
Microsoft Visual Studio Solution File, Format Version 12.00
# Visual Studio 15
VisualStudioVersion = 15.0.28307.168
MinimumVisualStudioVersion = 10.0.40219.1
Project("{9A19103F-16F7-4668-BE54-9A1E7A4F7556}") = "CRMMAEngine", "CRMMA\CRMMAEngine.csproj", "{FE28F1AB-09F9-43E7-B4A5-9B42805D763E}"
EndProject
Global
	GlobalSection(SolutionConfigurationPlatforms) = preSolution
		Debug|Any CPU = Debug|Any CPU
		Release|Any CPU = Release|Any CPU
	EndGlobalSection
	GlobalSection(ProjectConfigurationPlatforms) = postSolution
		{FE28F1AB-09F9-43E7-B4A5-9B42805D763E}.Debug|Any CPU.ActiveCfg = Debug|Any CPU
		{FE28F1AB-09F9-43E7-B4A5-9B42805D763E}.Debug|Any CPU.Build.0 = Debug|Any CPU
		{FE28F1AB-09F9-43E7-B4A5-9B42805D763E}.Release|Any CPU.ActiveCfg = Release|Any CPU
		{FE28F1AB-09F9-43E7-B4A5-9B42805D763E}.Release|Any CPU.Build.0 = Release|Any CPU
	EndGlobalSection
	GlobalSection(SolutionProperties) = preSolution
		HideSolutionNode = FALSE
	EndGlobalSection
	GlobalSection(ExtensibilityGlobals) = postSolution
		SolutionGuid = {6DE98138-F62D-4B59-89A0-B6616D2DC679}
	EndGlobalSection
EndGlobal
